
Microsoft Visual Studio Solution File, Format Version 12.00
# Visual Studio Version 16
VisualStudioVersion = 16.0.30907.101
MinimumVisualStudioVersion = 10.0.40219.1
Project("{8BC9CEB8-8B4A-11D0-8D11-00A0C91BC942}") = "연산자오버로딩", "연산자오버로딩\연산자오버로딩.vcxproj", "{04924714-1CCA-4806-ADEF-45AC3CAA0327}"
EndProject
Global
	GlobalSection(SolutionConfigurationPlatforms) = preSolution
		Debug|x64 = Debug|x64
		Debug|x86 = Debug|x86
		Release|x64 = Release|x64
		Release|x86 = Release|x86
	EndGlobalSection
	GlobalSection(ProjectConfigurationPlatforms) = postSolution
		{04924714-1CCA-4806-ADEF-45AC3CAA0327}.Debug|x64.ActiveCfg = Debug|x64
		{04924714-1CCA-4806-ADEF-45AC3CAA0327}.Debug|x64.Build.0 = Debug|x64
		{04924714-1CCA-4806-ADEF-45AC3CAA0327}.Debug|x86.ActiveCfg = Debug|Win32
		{04924714-1CCA-4806-ADEF-45AC3CAA0327}.Debug|x86.Build.0 = Debug|Win32
		{04924714-1CCA-4806-ADEF-45AC3CAA0327}.Release|x64.ActiveCfg = Release|x64
		{04924714-1CCA-4806-ADEF-45AC3CAA0327}.Release|x64.Build.0 = Release|x64
		{04924714-1CCA-4806-ADEF-45AC3CAA0327}.Release|x86.ActiveCfg = Release|Win32
		{04924714-1CCA-4806-ADEF-45AC3CAA0327}.Release|x86.Build.0 = Release|Win32
	EndGlobalSection
	GlobalSection(SolutionProperties) = preSolution
		HideSolutionNode = FALSE
	EndGlobalSection
	GlobalSection(ExtensibilityGlobals) = postSolution
		SolutionGuid = {A473ED6B-EA75-4BA7-994E-4346B4A4628F}
	EndGlobalSection
EndGlobal
